// !$*UTF8*$!
{
	archiveVersion = 1;
	classes = {
	};
	objectVersion = 46;
	objects = {

/* Begin PBXBuildFile section */
		9B6386141F32442700117378 /* AppDelegate.swift in Sources */ = {isa = PBXBuildFile; fileRef = 9B6386131F32442700117378 /* AppDelegate.swift */; };
		9B6386191F32442700117378 /* Main.storyboard in Resources */ = {isa = PBXBuildFile; fileRef = 9B6386171F32442700117378 /* Main.storyboard */; };
		9B63861B1F32442700117378 /* Assets.xcassets in Resources */ = {isa = PBXBuildFile; fileRef = 9B63861A1F32442700117378 /* Assets.xcassets */; };
		9B63861E1F32442700117378 /* LaunchScreen.storyboard in Resources */ = {isa = PBXBuildFile; fileRef = 9B63861C1F32442700117378 /* LaunchScreen.storyboard */; };
		9B6386341F32448C00117378 /* FormViewController.swift in Sources */ = {isa = PBXBuildFile; fileRef = 9B6386331F32448C00117378 /* FormViewController.swift */; };
		9B6386371F32481100117378 /* FormViewModel.swift in Sources */ = {isa = PBXBuildFile; fileRef = 9B6386361F32481100117378 /* FormViewModel.swift */; };
		9B6386391F32482E00117378 /* FormData.swift in Sources */ = {isa = PBXBuildFile; fileRef = 9B6386381F32482E00117378 /* FormData.swift */; };
		9B63863B1F32486300117378 /* FormState.swift in Sources */ = {isa = PBXBuildFile; fileRef = 9B63863A1F32486300117378 /* FormState.swift */; };
		9B63863D1F32490500117378 /* FormViewModelTest.swift in Sources */ = {isa = PBXBuildFile; fileRef = 9B63863C1F32490500117378 /* FormViewModelTest.swift */; };
/* End PBXBuildFile section */

/* Begin PBXContainerItemProxy section */
		9B6386251F32442700117378 /* PBXContainerItemProxy */ = {
			isa = PBXContainerItemProxy;
			containerPortal = 9B6386081F32442700117378 /* Project object */;
			proxyType = 1;
			remoteGlobalIDString = 9B63860F1F32442700117378;
			remoteInfo = FormInputsMVVM;
		};
/* End PBXContainerItemProxy section */

/* Begin PBXFileReference section */
		9B6386101F32442700117378 /* FormInputsMVVM.app */ = {isa = PBXFileReference; explicitFileType = wrapper.application; includeInIndex = 0; path = FormInputsMVVM.app; sourceTree = BUILT_PRODUCTS_DIR; };
		9B6386131F32442700117378 /* AppDelegate.swift */ = {isa = PBXFileReference; lastKnownFileType = sourcecode.swift; path = AppDelegate.swift; sourceTree = "<group>"; };
		9B6386181F32442700117378 /* Base */ = {isa = PBXFileReference; lastKnownFileType = file.storyboard; name = Base; path = Base.lproj/Main.storyboard; sourceTree = "<group>"; };
		9B63861A1F32442700117378 /* Assets.xcassets */ = {isa = PBXFileReference; lastKnownFileType = folder.assetcatalog; path = Assets.xcassets; sourceTree = "<group>"; };
		9B63861D1F32442700117378 /* Base */ = {isa = PBXFileReference; lastKnownFileType = file.storyboard; name = Base; path = Base.lproj/LaunchScreen.storyboard; sourceTree = "<group>"; };
		9B63861F1F32442700117378 /* Info.plist */ = {isa = PBXFileReference; lastKnownFileType = text.plist.xml; path = Info.plist; sourceTree = "<group>"; };
		9B6386241F32442700117378 /* FormInputsMVVMTests.xctest */ = {isa = PBXFileReference; explicitFileType = wrapper.cfbundle; includeInIndex = 0; path = FormInputsMVVMTests.xctest; sourceTree = BUILT_PRODUCTS_DIR; };
		9B63862A1F32442700117378 /* Info.plist */ = {isa = PBXFileReference; lastKnownFileType = text.plist.xml; path = Info.plist; sourceTree = "<group>"; };
		9B6386331F32448C00117378 /* FormViewController.swift */ = {isa = PBXFileReference; fileEncoding = 4; lastKnownFileType = sourcecode.swift; name = FormViewController.swift; path = Form/FormViewController.swift; sourceTree = "<group>"; };
		9B6386361F32481100117378 /* FormViewModel.swift */ = {isa = PBXFileReference; fileEncoding = 4; lastKnownFileType = sourcecode.swift; name = FormViewModel.swift; path = Form/FormViewModel.swift; sourceTree = "<group>"; };
		9B6386381F32482E00117378 /* FormData.swift */ = {isa = PBXFileReference; fileEncoding = 4; lastKnownFileType = sourcecode.swift; name = FormData.swift; path = Form/FormData.swift; sourceTree = "<group>"; };
		9B63863A1F32486300117378 /* FormState.swift */ = {isa = PBXFileReference; fileEncoding = 4; lastKnownFileType = sourcecode.swift; name = FormState.swift; path = Form/FormState.swift; sourceTree = "<group>"; };
		9B63863C1F32490500117378 /* FormViewModelTest.swift */ = {isa = PBXFileReference; fileEncoding = 4; lastKnownFileType = sourcecode.swift; path = FormViewModelTest.swift; sourceTree = "<group>"; };
/* End PBXFileReference section */

/* Begin PBXFrameworksBuildPhase section */
		9B63860D1F32442700117378 /* Frameworks */ = {
			isa = PBXFrameworksBuildPhase;
			buildActionMask = 2147483647;
			files = (
			);
			runOnlyForDeploymentPostprocessing = 0;
		};
		9B6386211F32442700117378 /* Frameworks */ = {
			isa = PBXFrameworksBuildPhase;
			buildActionMask = 2147483647;
			files = (
			);
			runOnlyForDeploymentPostprocessing = 0;
		};
/* End PBXFrameworksBuildPhase section */

/* Begin PBXGroup section */
		9B6386071F32442700117378 = {
			isa = PBXGroup;
			children = (
				9B6386121F32442700117378 /* FormInputsMVVM */,
				9B6386271F32442700117378 /* FormInputsMVVMTests */,
				9B6386111F32442700117378 /* Products */,
			);
			sourceTree = "<group>";
		};
		9B6386111F32442700117378 /* Products */ = {
			isa = PBXGroup;
			children = (
				9B6386101F32442700117378 /* FormInputsMVVM.app */,
				9B6386241F32442700117378 /* FormInputsMVVMTests.xctest */,
			);
			name = Products;
			sourceTree = "<group>";
		};
		9B6386121F32442700117378 /* FormInputsMVVM */ = {
			isa = PBXGroup;
			children = (
				9B6386351F3244AE00117378 /* Form */,
				9B6386131F32442700117378 /* AppDelegate.swift */,
				9B6386171F32442700117378 /* Main.storyboard */,
				9B63861A1F32442700117378 /* Assets.xcassets */,
				9B63861C1F32442700117378 /* LaunchScreen.storyboard */,
				9B63861F1F32442700117378 /* Info.plist */,
			);
			path = FormInputsMVVM;
			sourceTree = "<group>";
		};
		9B6386271F32442700117378 /* FormInputsMVVMTests */ = {
			isa = PBXGroup;
			children = (
				9B63863C1F32490500117378 /* FormViewModelTest.swift */,
				9B63862A1F32442700117378 /* Info.plist */,
			);
			path = FormInputsMVVMTests;
			sourceTree = "<group>";
		};
		9B6386351F3244AE00117378 /* Form */ = {
			isa = PBXGroup;
			children = (
				9B6386381F32482E00117378 /* FormData.swift */,
				9B63863A1F32486300117378 /* FormState.swift */,
				9B6386331F32448C00117378 /* FormViewController.swift */,
				9B6386361F32481100117378 /* FormViewModel.swift */,
			);
			name = Form;
			sourceTree = "<group>";
		};
/* End PBXGroup section */

/* Begin PBXNativeTarget section */
		9B63860F1F32442700117378 /* FormInputsMVVM */ = {
			isa = PBXNativeTarget;
			buildConfigurationList = 9B63862D1F32442700117378 /* Build configuration list for PBXNativeTarget "FormInputsMVVM" */;
			buildPhases = (
				9B63860C1F32442700117378 /* Sources */,
				9B63860D1F32442700117378 /* Frameworks */,
				9B63860E1F32442700117378 /* Resources */,
			);
			buildRules = (
			);
			dependencies = (
			);
			name = FormInputsMVVM;
			productName = FormInputsMVVM;
			productReference = 9B6386101F32442700117378 /* FormInputsMVVM.app */;
			productType = "com.apple.product-type.application";
		};
		9B6386231F32442700117378 /* FormInputsMVVMTests */ = {
			isa = PBXNativeTarget;
			buildConfigurationList = 9B6386301F32442700117378 /* Build configuration list for PBXNativeTarget "FormInputsMVVMTests" */;
			buildPhases = (
				9B6386201F32442700117378 /* Sources */,
				9B6386211F32442700117378 /* Frameworks */,
				9B6386221F32442700117378 /* Resources */,
			);
			buildRules = (
			);
			dependencies = (
				9B6386261F32442700117378 /* PBXTargetDependency */,
			);
			name = FormInputsMVVMTests;
			productName = FormInputsMVVMTests;
			productReference = 9B6386241F32442700117378 /* FormInputsMVVMTests.xctest */;
			productType = "com.apple.product-type.bundle.unit-test";
		};
/* End PBXNativeTarget section */

/* Begin PBXProject section */
		9B6386081F32442700117378 /* Project object */ = {
			isa = PBXProject;
			attributes = {
				LastSwiftUpdateCheck = 0830;
				LastUpgradeCheck = 0830;
				ORGANIZATIONNAME = "ShengHua Wu";
				TargetAttributes = {
					9B63860F1F32442700117378 = {
						CreatedOnToolsVersion = 8.3.3;
						ProvisioningStyle = Automatic;
					};
					9B6386231F32442700117378 = {
						CreatedOnToolsVersion = 8.3.3;
						LastSwiftMigration = 0830;
						ProvisioningStyle = Automatic;
						TestTargetID = 9B63860F1F32442700117378;
					};
				};
			};
			buildConfigurationList = 9B63860B1F32442700117378 /* Build configuration list for PBXProject "FormInputsMVVM" */;
			compatibilityVersion = "Xcode 3.2";
			developmentRegion = English;
			hasScannedForEncodings = 0;
			knownRegions = (
				en,
				Base,
			);
			mainGroup = 9B6386071F32442700117378;
			productRefGroup = 9B6386111F32442700117378 /* Products */;
			projectDirPath = "";
			projectRoot = "";
			targets = (
				9B63860F1F32442700117378 /* FormInputsMVVM */,
				9B6386231F32442700117378 /* FormInputsMVVMTests */,
			);
		};
/* End PBXProject section */

/* Begin PBXResourcesBuildPhase section */
		9B63860E1F32442700117378 /* Resources */ = {
			isa = PBXResourcesBuildPhase;
			buildActionMask = 2147483647;
			files = (
				9B63861E1F32442700117378 /* LaunchScreen.storyboard in Resources */,
				9B63861B1F32442700117378 /* Assets.xcassets in Resources */,
				9B6386191F32442700117378 /* Main.storyboard in Resources */,
			);
			runOnlyForDeploymentPostprocessing = 0;
		};
		9B6386221F32442700117378 /* Resources */ = {
			isa = PBXResourcesBuildPhase;
			buildActionMask = 2147483647;
			files = (
			);
			runOnlyForDeploymentPostprocessing = 0;
		};
/* End PBXResourcesBuildPhase section */

/* Begin PBXSourcesBuildPhase section */
		9B63860C1F32442700117378 /* Sources */ = {
			isa = PBXSourcesBuildPhase;
			buildActionMask = 2147483647;
			files = (
				9B63863B1F32486300117378 /* FormState.swift in Sources */,
				9B6386371F32481100117378 /* FormViewModel.swift in Sources */,
				9B6386341F32448C00117378 /* FormViewController.swift in Sources */,
				9B6386141F32442700117378 /* AppDelegate.swift in Sources */,
				9B6386391F32482E00117378 /* FormData.swift in Sources */,
			);
			runOnlyForDeploymentPostprocessing = 0;
		};
		9B6386201F32442700117378 /* Sources */ = {
			isa = PBXSourcesBuildPhase;
			buildActionMask = 2147483647;
			files = (
				9B63863D1F32490500117378 /* FormViewModelTest.swift in Sources */,
			);
			runOnlyForDeploymentPostprocessing = 0;
		};
/* End PBXSourcesBuildPhase section */

/* Begin PBXTargetDependency section */
		9B6386261F32442700117378 /* PBXTargetDependency */ = {
			isa = PBXTargetDependency;
			target = 9B63860F1F32442700117378 /* FormInputsMVVM */;
			targetProxy = 9B6386251F32442700117378 /* PBXContainerItemProxy */;
		};
/* End PBXTargetDependency section */

/* Begin PBXVariantGroup section */
		9B6386171F32442700117378 /* Main.storyboard */ = {
			isa = PBXVariantGroup;
			children = (
				9B6386181F32442700117378 /* Base */,
			);
			name = Main.storyboard;
			sourceTree = "<group>";
		};
		9B63861C1F32442700117378 /* LaunchScreen.storyboard */ = {
			isa = PBXVariantGroup;
			children = (
				9B63861D1F32442700117378 /* Base */,
			);
			name = LaunchScreen.storyboard;
			sourceTree = "<group>";
		};
/* End PBXVariantGroup section */

/* Begin XCBuildConfiguration section */
		9B63862B1F32442700117378 /* Debug */ = {
			isa = XCBuildConfiguration;
			buildSettings = {
				ALWAYS_SEARCH_USER_PATHS = NO;
				CLANG_ANALYZER_NONNULL = YES;
				CLANG_ANALYZER_NUMBER_OBJECT_CONVERSION = YES_AGGRESSIVE;
				CLANG_CXX_LANGUAGE_STANDARD = "gnu++0x";
				CLANG_CXX_LIBRARY = "libc++";
				CLANG_ENABLE_MODULES = YES;
				CLANG_ENABLE_OBJC_ARC = YES;
				CLANG_WARN_BOOL_CONVERSION = YES;
				CLANG_WARN_CONSTANT_CONVERSION = YES;
				CLANG_WARN_DIRECT_OBJC_ISA_USAGE = YES_ERROR;
				CLANG_WARN_DOCUMENTATION_COMMENTS = YES;
				CLANG_WARN_EMPTY_BODY = YES;
				CLANG_WARN_ENUM_CONVERSION = YES;
				CLANG_WARN_INFINITE_RECURSION = YES;
				CLANG_WARN_INT_CONVERSION = YES;
				CLANG_WARN_OBJC_ROOT_CLASS = YES_ERROR;
				CLANG_WARN_SUSPICIOUS_MOVE = YES;
				CLANG_WARN_UNREACHABLE_CODE = YES;
				CLANG_WARN__DUPLICATE_METHOD_MATCH = YES;
				"CODE_SIGN_IDENTITY[sdk=iphoneos*]" = "iPhone Developer";
				COPY_PHASE_STRIP = NO;
				DEBUG_INFORMATION_FORMAT = dwarf;
				ENABLE_STRICT_OBJC_MSGSEND = YES;
				ENABLE_TESTABILITY = YES;
				GCC_C_LANGUAGE_STANDARD = gnu99;
				GCC_DYNAMIC_NO_PIC = NO;
				GCC_NO_COMMON_BLOCKS = YES;
				GCC_OPTIMIZATION_LEVEL = 0;
				GCC_PREPROCESSOR_DEFINITIONS = (
					"DEBUG=1",
					"$(inherited)",
				);
				GCC_WARN_64_TO_32_BIT_CONVERSION = YES;
				GCC_WARN_ABOUT_RETURN_TYPE = YES_ERROR;
				GCC_WARN_UNDECLARED_SELECTOR = YES;
				GCC_WARN_UNINITIALIZED_AUTOS = YES_AGGRESSIVE;
				GCC_WARN_UNUSED_FUNCTION = YES;
				GCC_WARN_UNUSED_VARIABLE = YES;
				IPHONEOS_DEPLOYMENT_TARGET = 10.3;
				MTL_ENABLE_DEBUG_INFO = YES;
				ONLY_ACTIVE_ARCH = YES;
				SDKROOT = iphoneos;
				SWIFT_ACTIVE_COMPILATION_CONDITIONS = DEBUG;
				SWIFT_OPTIMIZATION_LEVEL = "-Onone";
			};
			name = Debug;
		};
		9B63862C1F32442700117378 /* Release */ = {
			isa = XCBuildConfiguration;
			buildSettings = {
				ALWAYS_SEARCH_USER_PATHS = NO;
				CLANG_ANALYZER_NONNULL = YES;
				CLANG_ANALYZER_NUMBER_OBJECT_CONVERSION = YES_AGGRESSIVE;
				CLANG_CXX_LANGUAGE_STANDARD = "gnu++0x";
				CLANG_CXX_LIBRARY = "libc++";
				CLANG_ENABLE_MODULES = YES;
				CLANG_ENABLE_OBJC_ARC = YES;
				CLANG_WARN_BOOL_CONVERSION = YES;
				CLANG_WARN_CONSTANT_CONVERSION = YES;
				CLANG_WARN_DIRECT_OBJC_ISA_USAGE = YES_ERROR;
				CLANG_WARN_DOCUMENTATION_COMMENTS = YES;
				CLANG_WARN_EMPTY_BODY = YES;
				CLANG_WARN_ENUM_CONVERSION = YES;
				CLANG_WARN_INFINITE_RECURSION = YES;
				CLANG_WARN_INT_CONVERSION = YES;
				CLANG_WARN_OBJC_ROOT_CLASS = YES_ERROR;
				CLANG_WARN_SUSPICIOUS_MOVE = YES;
				CLANG_WARN_UNREACHABLE_CODE = YES;
				CLANG_WARN__DUPLICATE_METHOD_MATCH = YES;
				"CODE_SIGN_IDENTITY[sdk=iphoneos*]" = "iPhone Developer";
				COPY_PHASE_STRIP = NO;
				DEBUG_INFORMATION_FORMAT = "dwarf-with-dsym";
				ENABLE_NS_ASSERTIONS = NO;
				ENABLE_STRICT_OBJC_MSGSEND = YES;
				GCC_C_LANGUAGE_STANDARD = gnu99;
				GCC_NO_COMMON_BLOCKS = YES;
				GCC_WARN_64_TO_32_BIT_CONVERSION = YES;
				GCC_WARN_ABOUT_RETURN_TYPE = YES_ERROR;
				GCC_WARN_UNDECLARED_SELECTOR = YES;
				GCC_WARN_UNINITIALIZED_AUTOS = YES_AGGRESSIVE;
				GCC_WARN_UNUSED_FUNCTION = YES;
				GCC_WARN_UNUSED_VARIABLE = YES;
				IPHONEOS_DEPLOYMENT_TARGET = 10.3;
				MTL_ENABLE_DEBUG_INFO = NO;
				SDKROOT = iphoneos;
				SWIFT_OPTIMIZATION_LEVEL = "-Owholemodule";
				VALIDATE_PRODUCT = YES;
			};
			name = Release;
		};
		9B63862E1F32442700117378 /* Debug */ = {
			isa = XCBuildConfiguration;
			buildSettings = {
				ASSETCATALOG_COMPILER_APPICON_NAME = AppIcon;
				INFOPLIST_FILE = FormInputsMVVM/Info.plist;
				LD_RUNPATH_SEARCH_PATHS = "$(inherited) @executable_path/Frameworks";
				PRODUCT_BUNDLE_IDENTIFIER = com.shenghuawu.FormInputsMVVM;
				PRODUCT_NAME = "$(TARGET_NAME)";
				SWIFT_VERSION = 3.0;
			};
			name = Debug;
		};
		9B63862F1F32442700117378 /* Release */ = {
			isa = XCBuildConfiguration;
			buildSettings = {
				ASSETCATALOG_COMPILER_APPICON_NAME = AppIcon;
				INFOPLIST_FILE = FormInputsMVVM/Info.plist;
				LD_RUNPATH_SEARCH_PATHS = "$(inherited) @executable_path/Frameworks";
				PRODUCT_BUNDLE_IDENTIFIER = com.shenghuawu.FormInputsMVVM;
				PRODUCT_NAME = "$(TARGET_NAME)";
				SWIFT_VERSION = 3.0;
			};
			name = Release;
		};
		9B6386311F32442700117378 /* Debug */ = {
			isa = XCBuildConfiguration;
			buildSettings = {
				ALWAYS_EMBED_SWIFT_STANDARD_LIBRARIES = YES;
				BUNDLE_LOADER = "$(TEST_HOST)";
				CLANG_ENABLE_MODULES = YES;
				INFOPLIST_FILE = FormInputsMVVMTests/Info.plist;
				LD_RUNPATH_SEARCH_PATHS = "$(inherited) @executable_path/Frameworks @loader_path/Frameworks";
				PRODUCT_BUNDLE_IDENTIFIER = com.shenghuawu.FormInputsMVVMTests;
				PRODUCT_NAME = "$(TARGET_NAME)";
				SWIFT_OPTIMIZATION_LEVEL = "-Onone";
				SWIFT_VERSION = 3.0;
				TEST_HOST = "$(BUILT_PRODUCTS_DIR)/FormInputsMVVM.app/FormInputsMVVM";
			};
			name = Debug;
		};
		9B6386321F32442700117378 /* Release */ = {
			isa = XCBuildConfiguration;
			buildSettings = {
				ALWAYS_EMBED_SWIFT_STANDARD_LIBRARIES = YES;
				BUNDLE_LOADER = "$(TEST_HOST)";
				CLANG_ENABLE_MODULES = YES;
				INFOPLIST_FILE = FormInputsMVVMTests/Info.plist;
				LD_RUNPATH_SEARCH_PATHS = "$(inherited) @executable_path/Frameworks @loader_path/Frameworks";
				PRODUCT_BUNDLE_IDENTIFIER = com.shenghuawu.FormInputsMVVMTests;
				PRODUCT_NAME = "$(TARGET_NAME)";
				SWIFT_VERSION = 3.0;
				TEST_HOST = "$(BUILT_PRODUCTS_DIR)/FormInputsMVVM.app/FormInputsMVVM";
			};
			name = Release;
		};
/* End XCBuildConfiguration section */

/* Begin XCConfigurationList section */
		9B63860B1F32442700117378 /* Build configuration list for PBXProject "FormInputsMVVM" */ = {
			isa = XCConfigurationList;
			buildConfigurations = (
				9B63862B1F32442700117378 /* Debug */,
				9B63862C1F32442700117378 /* Release */,
			);
			defaultConfigurationIsVisible = 0;
			defaultConfigurationName = Release;
		};
		9B63862D1F32442700117378 /* Build configuration list for PBXNativeTarget "FormInputsMVVM" */ = {
			isa = XCConfigurationList;
			buildConfigurations = (
				9B63862E1F32442700117378 /* Debug */,
				9B63862F1F32442700117378 /* Release */,
			);
			defaultConfigurationIsVisible = 0;
			defaultConfigurationName = Release;
		};
		9B6386301F32442700117378 /* Build configuration list for PBXNativeTarget "FormInputsMVVMTests" */ = {
			isa = XCConfigurationList;
			buildConfigurations = (
				9B6386311F32442700117378 /* Debug */,
				9B6386321F32442700117378 /* Release */,
			);
			defaultConfigurationIsVisible = 0;
			defaultConfigurationName = Release;
		};
/* End XCConfigurationList section */
	};
	rootObject = 9B6386081F32442700117378 /* Project object */;
}
